
Microsoft Visual Studio Solution File, Format Version 12.00
# Visual Studio Version 17
VisualStudioVersion = 17.12.35527.113 d17.12
MinimumVisualStudioVersion = 10.0.40219.1
Project("{FAE04EC0-301F-11D3-BF4B-00C04F79EFBC}") = "A", "A.csproj", "{ACD5E1C0-03D1-4481-BCF1-C9FCE9726B85}"
EndProject
Global
	GlobalSection(SolutionConfigurationPlatforms) = preSolution
		Debug|Any CPU = Debug|Any CPU
		Release|Any CPU = Release|Any CPU
	EndGlobalSection
	GlobalSection(ProjectConfigurationPlatforms) = postSolution
		{ACD5E1C0-03D1-4481-BCF1-C9FCE9726B85}.Debug|Any CPU.ActiveCfg = Debug|Any CPU
		{ACD5E1C0-03D1-4481-BCF1-C9FCE9726B85}.Debug|Any CPU.Build.0 = Debug|Any CPU
		{ACD5E1C0-03D1-4481-BCF1-C9FCE9726B85}.Release|Any CPU.ActiveCfg = Release|Any CPU
		{ACD5E1C0-03D1-4481-BCF1-C9FCE9726B85}.Release|Any CPU.Build.0 = Release|Any CPU
	EndGlobalSection
	GlobalSection(SolutionProperties) = preSolution
		HideSolutionNode = FALSE
	EndGlobalSection
EndGlobal
